
Microsoft Visual Studio Solution File, Format Version 11.00
# Visual Studio 2010
Project("{8BC9CEB8-8B4A-11D0-8D11-00A0C91BC942}") = "CScriptHost", "CScriptHost\CScriptHost.vcxproj", "{A3B40202-03AF-4332-9D64-B8033A9F2B22}"
EndProject
Global
	GlobalSection(SolutionConfigurationPlatforms) = preSolution
		Debug|Win32 = Debug|Win32
		Release|Win32 = Release|Win32
	EndGlobalSection
	GlobalSection(ProjectConfigurationPlatforms) = postSolution
		{A3B40202-03AF-4332-9D64-B8033A9F2B22}.Debug|Win32.ActiveCfg = Debug|Win32
		{A3B40202-03AF-4332-9D64-B8033A9F2B22}.Debug|Win32.Build.0 = Debug|Win32
		{A3B40202-03AF-4332-9D64-B8033A9F2B22}.Release|Win32.ActiveCfg = Release|Win32
		{A3B40202-03AF-4332-9D64-B8033A9F2B22}.Release|Win32.Build.0 = Release|Win32
	EndGlobalSection
	GlobalSection(SolutionProperties) = preSolution
		HideSolutionNode = FALSE
	EndGlobalSection
EndGlobal
